// !$*UTF8*$!
{
	archiveVersion = 1;
	classes = {
	};
	objectVersion = 50;
	objects = {

/* Begin PBXBuildFile section */
		3B41D49826FA29DA00D235DA /* CoinImageView.swift in Sources */ = {isa = PBXBuildFile; fileRef = 3B41D49726FA29DA00D235DA /* CoinImageView.swift */; };
		3B41D49A26FA2E2800D235DA /* CoinImageService.swift in Sources */ = {isa = PBXBuildFile; fileRef = 3B41D49926FA2E2800D235DA /* CoinImageService.swift */; };
		3B41D49C26FA2FC200D235DA /* CoinImageViewModel.swift in Sources */ = {isa = PBXBuildFile; fileRef = 3B41D49B26FA2FC200D235DA /* CoinImageViewModel.swift */; };
		3B43C48A26F3B338003496EC /* SwiftCryptoAppApp.swift in Sources */ = {isa = PBXBuildFile; fileRef = 3B43C48926F3B338003496EC /* SwiftCryptoAppApp.swift */; };
		3B43C48C26F3B338003496EC /* ContentView.swift in Sources */ = {isa = PBXBuildFile; fileRef = 3B43C48B26F3B338003496EC /* ContentView.swift */; };
		3B43C49126F3B338003496EC /* Preview Assets.xcassets in Resources */ = {isa = PBXBuildFile; fileRef = 3B43C49026F3B338003496EC /* Preview Assets.xcassets */; };
		3B43C49B26F3B4A5003496EC /* Assets.xcassets in Resources */ = {isa = PBXBuildFile; fileRef = 3B43C49A26F3B4A5003496EC /* Assets.xcassets */; };
		3B43C49E26F3B6CB003496EC /* Color.swift in Sources */ = {isa = PBXBuildFile; fileRef = 3B43C49D26F3B6CB003496EC /* Color.swift */; };
		3B43C4A426F3B88D003496EC /* HomeView.swift in Sources */ = {isa = PBXBuildFile; fileRef = 3B43C4A326F3B88D003496EC /* HomeView.swift */; };
		3B43C4A826F3B95D003496EC /* CircleButtonView.swift in Sources */ = {isa = PBXBuildFile; fileRef = 3B43C4A726F3B95D003496EC /* CircleButtonView.swift */; };
		3B43C4AA26F3BB6E003496EC /* CircleButtonAnimationView.swift in Sources */ = {isa = PBXBuildFile; fileRef = 3B43C4A926F3BB6E003496EC /* CircleButtonAnimationView.swift */; };
		3B43C4AD26F3BDC7003496EC /* CoinModel.swift in Sources */ = {isa = PBXBuildFile; fileRef = 3B43C4AC26F3BDC7003496EC /* CoinModel.swift */; };
		3B9F487826F50167004B34C4 /* CoinRowView.swift in Sources */ = {isa = PBXBuildFile; fileRef = 3B9F487726F50167004B34C4 /* CoinRowView.swift */; };
		3B9F487A26F501A7004B34C4 /* PreviewProvider.swift in Sources */ = {isa = PBXBuildFile; fileRef = 3B9F487926F501A7004B34C4 /* PreviewProvider.swift */; };
		3B9F487C26F504F0004B34C4 /* Double.swift in Sources */ = {isa = PBXBuildFile; fileRef = 3B9F487B26F504F0004B34C4 /* Double.swift */; };
		3BB7AEA126F5C04E0065753F /* HomeViewModel.swift in Sources */ = {isa = PBXBuildFile; fileRef = 3BB7AEA026F5C04E0065753F /* HomeViewModel.swift */; };
		3BB7AEA426F5C88C0065753F /* CoinDataService.swift in Sources */ = {isa = PBXBuildFile; fileRef = 3BB7AEA326F5C88C0065753F /* CoinDataService.swift */; };
		3BB7AEA726F6040F0065753F /* NetworkingManager.swift in Sources */ = {isa = PBXBuildFile; fileRef = 3BB7AEA626F6040F0065753F /* NetworkingManager.swift */; };
		3BCA066826FE447200495CBE /* LocalFileManager.swift in Sources */ = {isa = PBXBuildFile; fileRef = 3BCA066726FE447200495CBE /* LocalFileManager.swift */; };
/* End PBXBuildFile section */

/* Begin PBXFileReference section */
		3B41D49726FA29DA00D235DA /* CoinImageView.swift */ = {isa = PBXFileReference; lastKnownFileType = sourcecode.swift; path = CoinImageView.swift; sourceTree = "<group>"; };
		3B41D49926FA2E2800D235DA /* CoinImageService.swift */ = {isa = PBXFileReference; lastKnownFileType = sourcecode.swift; path = CoinImageService.swift; sourceTree = "<group>"; };
		3B41D49B26FA2FC200D235DA /* CoinImageViewModel.swift */ = {isa = PBXFileReference; lastKnownFileType = sourcecode.swift; path = CoinImageViewModel.swift; sourceTree = "<group>"; };
		3B43C48626F3B338003496EC /* SwiftCryptoApp.app */ = {isa = PBXFileReference; explicitFileType = wrapper.application; includeInIndex = 0; path = SwiftCryptoApp.app; sourceTree = BUILT_PRODUCTS_DIR; };
		3B43C48926F3B338003496EC /* SwiftCryptoAppApp.swift */ = {isa = PBXFileReference; lastKnownFileType = sourcecode.swift; path = SwiftCryptoAppApp.swift; sourceTree = "<group>"; };
		3B43C48B26F3B338003496EC /* ContentView.swift */ = {isa = PBXFileReference; lastKnownFileType = sourcecode.swift; path = ContentView.swift; sourceTree = "<group>"; };
		3B43C49026F3B338003496EC /* Preview Assets.xcassets */ = {isa = PBXFileReference; lastKnownFileType = folder.assetcatalog; path = "Preview Assets.xcassets"; sourceTree = "<group>"; };
		3B43C49226F3B338003496EC /* Info.plist */ = {isa = PBXFileReference; lastKnownFileType = text.plist.xml; path = Info.plist; sourceTree = "<group>"; };
		3B43C49A26F3B4A5003496EC /* Assets.xcassets */ = {isa = PBXFileReference; lastKnownFileType = folder.assetcatalog; name = Assets.xcassets; path = Resources/Assets.xcassets; sourceTree = SOURCE_ROOT; };
		3B43C49D26F3B6CB003496EC /* Color.swift */ = {isa = PBXFileReference; lastKnownFileType = sourcecode.swift; path = Color.swift; sourceTree = "<group>"; };
		3B43C4A326F3B88D003496EC /* HomeView.swift */ = {isa = PBXFileReference; lastKnownFileType = sourcecode.swift; path = HomeView.swift; sourceTree = "<group>"; };
		3B43C4A726F3B95D003496EC /* CircleButtonView.swift */ = {isa = PBXFileReference; lastKnownFileType = sourcecode.swift; path = CircleButtonView.swift; sourceTree = "<group>"; };
		3B43C4A926F3BB6E003496EC /* CircleButtonAnimationView.swift */ = {isa = PBXFileReference; lastKnownFileType = sourcecode.swift; path = CircleButtonAnimationView.swift; sourceTree = "<group>"; };
		3B43C4AC26F3BDC7003496EC /* CoinModel.swift */ = {isa = PBXFileReference; lastKnownFileType = sourcecode.swift; path = CoinModel.swift; sourceTree = "<group>"; };
		3B9F487726F50167004B34C4 /* CoinRowView.swift */ = {isa = PBXFileReference; lastKnownFileType = sourcecode.swift; path = CoinRowView.swift; sourceTree = "<group>"; };
		3B9F487926F501A7004B34C4 /* PreviewProvider.swift */ = {isa = PBXFileReference; lastKnownFileType = sourcecode.swift; path = PreviewProvider.swift; sourceTree = "<group>"; };
		3B9F487B26F504F0004B34C4 /* Double.swift */ = {isa = PBXFileReference; lastKnownFileType = sourcecode.swift; path = Double.swift; sourceTree = "<group>"; };
		3BB7AEA026F5C04E0065753F /* HomeViewModel.swift */ = {isa = PBXFileReference; lastKnownFileType = sourcecode.swift; path = HomeViewModel.swift; sourceTree = "<group>"; };
		3BB7AEA326F5C88C0065753F /* CoinDataService.swift */ = {isa = PBXFileReference; lastKnownFileType = sourcecode.swift; path = CoinDataService.swift; sourceTree = "<group>"; };
		3BB7AEA626F6040F0065753F /* NetworkingManager.swift */ = {isa = PBXFileReference; lastKnownFileType = sourcecode.swift; path = NetworkingManager.swift; sourceTree = "<group>"; };
		3BCA066726FE447200495CBE /* LocalFileManager.swift */ = {isa = PBXFileReference; lastKnownFileType = sourcecode.swift; path = LocalFileManager.swift; sourceTree = "<group>"; };
/* End PBXFileReference section */

/* Begin PBXFrameworksBuildPhase section */
		3B43C48326F3B338003496EC /* Frameworks */ = {
			isa = PBXFrameworksBuildPhase;
			buildActionMask = 2147483647;
			files = (
			);
			runOnlyForDeploymentPostprocessing = 0;
		};
/* End PBXFrameworksBuildPhase section */

/* Begin PBXGroup section */
		3B41D49626FA293B00D235DA /* CoinImage */ = {
			isa = PBXGroup;
			children = (
				3B41D49726FA29DA00D235DA /* CoinImageView.swift */,
				3B41D49B26FA2FC200D235DA /* CoinImageViewModel.swift */,
			);
			path = CoinImage;
			sourceTree = "<group>";
		};
		3B43C47D26F3B338003496EC = {
			isa = PBXGroup;
			children = (
				3B43C48826F3B338003496EC /* SwiftCryptoApp */,
				3B43C48726F3B338003496EC /* Products */,
			);
			sourceTree = "<group>";
		};
		3B43C48726F3B338003496EC /* Products */ = {
			isa = PBXGroup;
			children = (
				3B43C48626F3B338003496EC /* SwiftCryptoApp.app */,
			);
			name = Products;
			sourceTree = "<group>";
		};
		3B43C48826F3B338003496EC /* SwiftCryptoApp */ = {
			isa = PBXGroup;
			children = (
				3B43C48926F3B338003496EC /* SwiftCryptoAppApp.swift */,
				3B43C49C26F3B6B5003496EC /* Extensions */,
				3BB7AEA526F603DD0065753F /* Utilities */,
				3BB7AEA226F5C8640065753F /* Services */,
				3B43C4AB26F3BDB8003496EC /* Models */,
				3B43C49F26F3B85B003496EC /* Core */,
				3B43C48B26F3B338003496EC /* ContentView.swift */,
				3B43C49A26F3B4A5003496EC /* Assets.xcassets */,
				3B43C49226F3B338003496EC /* Info.plist */,
				3B43C48F26F3B338003496EC /* Preview Content */,
			);
			path = SwiftCryptoApp;
			sourceTree = "<group>";
		};
		3B43C48F26F3B338003496EC /* Preview Content */ = {
			isa = PBXGroup;
			children = (
				3B43C49026F3B338003496EC /* Preview Assets.xcassets */,
			);
			path = "Preview Content";
			sourceTree = "<group>";
		};
		3B43C49C26F3B6B5003496EC /* Extensions */ = {
			isa = PBXGroup;
			children = (
				3B43C49D26F3B6CB003496EC /* Color.swift */,
				3B9F487926F501A7004B34C4 /* PreviewProvider.swift */,
				3B9F487B26F504F0004B34C4 /* Double.swift */,
			);
			path = Extensions;
			sourceTree = "<group>";
		};
		3B43C49F26F3B85B003496EC /* Core */ = {
			isa = PBXGroup;
			children = (
				3B43C4A526F3B949003496EC /* Components */,
				3B43C4A026F3B86C003496EC /* Home */,
			);
			path = Core;
			sourceTree = "<group>";
		};
		3B43C4A026F3B86C003496EC /* Home */ = {
			isa = PBXGroup;
			children = (
				3B43C4A226F3B87F003496EC /* ViewModels */,
				3B43C4A126F3B879003496EC /* Views */,
			);
			path = Home;
			sourceTree = "<group>";
		};
		3B43C4A126F3B879003496EC /* Views */ = {
			isa = PBXGroup;
			children = (
				3B43C4A326F3B88D003496EC /* HomeView.swift */,
				3B9F487726F50167004B34C4 /* CoinRowView.swift */,
			);
			path = Views;
			sourceTree = "<group>";
		};
		3B43C4A226F3B87F003496EC /* ViewModels */ = {
			isa = PBXGroup;
			children = (
				3BB7AEA026F5C04E0065753F /* HomeViewModel.swift */,
			);
			path = ViewModels;
			sourceTree = "<group>";
		};
		3B43C4A526F3B949003496EC /* Components */ = {
			isa = PBXGroup;
			children = (
				3B41D49626FA293B00D235DA /* CoinImage */,
				3B43C4A626F3B954003496EC /* CircleButton */,
			);
			path = Components;
			sourceTree = "<group>";
		};
		3B43C4A626F3B954003496EC /* CircleButton */ = {
			isa = PBXGroup;
			children = (
				3B43C4A726F3B95D003496EC /* CircleButtonView.swift */,
				3B43C4A926F3BB6E003496EC /* CircleButtonAnimationView.swift */,
			);
			path = CircleButton;
			sourceTree = "<group>";
		};
		3B43C4AB26F3BDB8003496EC /* Models */ = {
			isa = PBXGroup;
			children = (
				3B43C4AC26F3BDC7003496EC /* CoinModel.swift */,
			);
			path = Models;
			sourceTree = "<group>";
		};
		3BB7AEA226F5C8640065753F /* Services */ = {
			isa = PBXGroup;
			children = (
				3BB7AEA326F5C88C0065753F /* CoinDataService.swift */,
				3B41D49926FA2E2800D235DA /* CoinImageService.swift */,
			);
			path = Services;
			sourceTree = "<group>";
		};
		3BB7AEA526F603DD0065753F /* Utilities */ = {
			isa = PBXGroup;
			children = (
				3BB7AEA626F6040F0065753F /* NetworkingManager.swift */,
				3BCA066726FE447200495CBE /* LocalFileManager.swift */,
			);
			path = Utilities;
			sourceTree = "<group>";
		};
/* End PBXGroup section */

/* Begin PBXNativeTarget section */
		3B43C48526F3B338003496EC /* SwiftCryptoApp */ = {
			isa = PBXNativeTarget;
			buildConfigurationList = 3B43C49526F3B338003496EC /* Build configuration list for PBXNativeTarget "SwiftCryptoApp" */;
			buildPhases = (
				3B43C48226F3B338003496EC /* Sources */,
				3B43C48326F3B338003496EC /* Frameworks */,
				3B43C48426F3B338003496EC /* Resources */,
			);
			buildRules = (
			);
			dependencies = (
			);
			name = SwiftCryptoApp;
			productName = SwiftCryptoApp;
			productReference = 3B43C48626F3B338003496EC /* SwiftCryptoApp.app */;
			productType = "com.apple.product-type.application";
		};
/* End PBXNativeTarget section */

/* Begin PBXProject section */
		3B43C47E26F3B338003496EC /* Project object */ = {
			isa = PBXProject;
			attributes = {
				LastSwiftUpdateCheck = 1250;
				LastUpgradeCheck = 1250;
				TargetAttributes = {
					3B43C48526F3B338003496EC = {
						CreatedOnToolsVersion = 12.5;
					};
				};
			};
			buildConfigurationList = 3B43C48126F3B338003496EC /* Build configuration list for PBXProject "SwiftCryptoApp" */;
			compatibilityVersion = "Xcode 9.3";
			developmentRegion = en;
			hasScannedForEncodings = 0;
			knownRegions = (
				en,
				Base,
			);
			mainGroup = 3B43C47D26F3B338003496EC;
			productRefGroup = 3B43C48726F3B338003496EC /* Products */;
			projectDirPath = "";
			projectRoot = "";
			targets = (
				3B43C48526F3B338003496EC /* SwiftCryptoApp */,
			);
		};
/* End PBXProject section */

/* Begin PBXResourcesBuildPhase section */
		3B43C48426F3B338003496EC /* Resources */ = {
			isa = PBXResourcesBuildPhase;
			buildActionMask = 2147483647;
			files = (
				3B43C49B26F3B4A5003496EC /* Assets.xcassets in Resources */,
				3B43C49126F3B338003496EC /* Preview Assets.xcassets in Resources */,
			);
			runOnlyForDeploymentPostprocessing = 0;
		};
/* End PBXResourcesBuildPhase section */

/* Begin PBXSourcesBuildPhase section */
		3B43C48226F3B338003496EC /* Sources */ = {
			isa = PBXSourcesBuildPhase;
			buildActionMask = 2147483647;
			files = (
				3BB7AEA426F5C88C0065753F /* CoinDataService.swift in Sources */,
				3B9F487826F50167004B34C4 /* CoinRowView.swift in Sources */,
				3BB7AEA126F5C04E0065753F /* HomeViewModel.swift in Sources */,
				3B43C48C26F3B338003496EC /* ContentView.swift in Sources */,
				3BCA066826FE447200495CBE /* LocalFileManager.swift in Sources */,
				3B43C4A426F3B88D003496EC /* HomeView.swift in Sources */,
				3B41D49826FA29DA00D235DA /* CoinImageView.swift in Sources */,
				3B43C48A26F3B338003496EC /* SwiftCryptoAppApp.swift in Sources */,
				3B43C4A826F3B95D003496EC /* CircleButtonView.swift in Sources */,
				3B43C49E26F3B6CB003496EC /* Color.swift in Sources */,
				3BB7AEA726F6040F0065753F /* NetworkingManager.swift in Sources */,
				3B43C4AA26F3BB6E003496EC /* CircleButtonAnimationView.swift in Sources */,
				3B41D49C26FA2FC200D235DA /* CoinImageViewModel.swift in Sources */,
				3B9F487A26F501A7004B34C4 /* PreviewProvider.swift in Sources */,
				3B9F487C26F504F0004B34C4 /* Double.swift in Sources */,
				3B41D49A26FA2E2800D235DA /* CoinImageService.swift in Sources */,
				3B43C4AD26F3BDC7003496EC /* CoinModel.swift in Sources */,
			);
			runOnlyForDeploymentPostprocessing = 0;
		};
/* End PBXSourcesBuildPhase section */

/* Begin XCBuildConfiguration section */
		3B43C49326F3B338003496EC /* Debug */ = {
			isa = XCBuildConfiguration;
			buildSettings = {
				ALWAYS_SEARCH_USER_PATHS = NO;
				CLANG_ANALYZER_NONNULL = YES;
				CLANG_ANALYZER_NUMBER_OBJECT_CONVERSION = YES_AGGRESSIVE;
				CLANG_CXX_LANGUAGE_STANDARD = "gnu++14";
				CLANG_CXX_LIBRARY = "libc++";
				CLANG_ENABLE_MODULES = YES;
				CLANG_ENABLE_OBJC_ARC = YES;
				CLANG_ENABLE_OBJC_WEAK = YES;
				CLANG_WARN_BLOCK_CAPTURE_AUTORELEASING = YES;
				CLANG_WARN_BOOL_CONVERSION = YES;
				CLANG_WARN_COMMA = YES;
				CLANG_WARN_CONSTANT_CONVERSION = YES;
				CLANG_WARN_DEPRECATED_OBJC_IMPLEMENTATIONS = YES;
				CLANG_WARN_DIRECT_OBJC_ISA_USAGE = YES_ERROR;
				CLANG_WARN_DOCUMENTATION_COMMENTS = YES;
				CLANG_WARN_EMPTY_BODY = YES;
				CLANG_WARN_ENUM_CONVERSION = YES;
				CLANG_WARN_INFINITE_RECURSION = YES;
				CLANG_WARN_INT_CONVERSION = YES;
				CLANG_WARN_NON_LITERAL_NULL_CONVERSION = YES;
				CLANG_WARN_OBJC_IMPLICIT_RETAIN_SELF = YES;
				CLANG_WARN_OBJC_LITERAL_CONVERSION = YES;
				CLANG_WARN_OBJC_ROOT_CLASS = YES_ERROR;
				CLANG_WARN_QUOTED_INCLUDE_IN_FRAMEWORK_HEADER = YES;
				CLANG_WARN_RANGE_LOOP_ANALYSIS = YES;
				CLANG_WARN_STRICT_PROTOTYPES = YES;
				CLANG_WARN_SUSPICIOUS_MOVE = YES;
				CLANG_WARN_UNGUARDED_AVAILABILITY = YES_AGGRESSIVE;
				CLANG_WARN_UNREACHABLE_CODE = YES;
				CLANG_WARN__DUPLICATE_METHOD_MATCH = YES;
				COPY_PHASE_STRIP = NO;
				DEBUG_INFORMATION_FORMAT = dwarf;
				ENABLE_STRICT_OBJC_MSGSEND = YES;
				ENABLE_TESTABILITY = YES;
				GCC_C_LANGUAGE_STANDARD = gnu11;
				GCC_DYNAMIC_NO_PIC = NO;
				GCC_NO_COMMON_BLOCKS = YES;
				GCC_OPTIMIZATION_LEVEL = 0;
				GCC_PREPROCESSOR_DEFINITIONS = (
					"DEBUG=1",
					"$(inherited)",
				);
				GCC_WARN_64_TO_32_BIT_CONVERSION = YES;
				GCC_WARN_ABOUT_RETURN_TYPE = YES_ERROR;
				GCC_WARN_UNDECLARED_SELECTOR = YES;
				GCC_WARN_UNINITIALIZED_AUTOS = YES_AGGRESSIVE;
				GCC_WARN_UNUSED_FUNCTION = YES;
				GCC_WARN_UNUSED_VARIABLE = YES;
				IPHONEOS_DEPLOYMENT_TARGET = 14.5;
				MTL_ENABLE_DEBUG_INFO = INCLUDE_SOURCE;
				MTL_FAST_MATH = YES;
				ONLY_ACTIVE_ARCH = YES;
				SDKROOT = iphoneos;
				SWIFT_ACTIVE_COMPILATION_CONDITIONS = DEBUG;
				SWIFT_OPTIMIZATION_LEVEL = "-Onone";
			};
			name = Debug;
		};
		3B43C49426F3B338003496EC /* Release */ = {
			isa = XCBuildConfiguration;
			buildSettings = {
				ALWAYS_SEARCH_USER_PATHS = NO;
				CLANG_ANALYZER_NONNULL = YES;
				CLANG_ANALYZER_NUMBER_OBJECT_CONVERSION = YES_AGGRESSIVE;
				CLANG_CXX_LANGUAGE_STANDARD = "gnu++14";
				CLANG_CXX_LIBRARY = "libc++";
				CLANG_ENABLE_MODULES = YES;
				CLANG_ENABLE_OBJC_ARC = YES;
				CLANG_ENABLE_OBJC_WEAK = YES;
				CLANG_WARN_BLOCK_CAPTURE_AUTORELEASING = YES;
				CLANG_WARN_BOOL_CONVERSION = YES;
				CLANG_WARN_COMMA = YES;
				CLANG_WARN_CONSTANT_CONVERSION = YES;
				CLANG_WARN_DEPRECATED_OBJC_IMPLEMENTATIONS = YES;
				CLANG_WARN_DIRECT_OBJC_ISA_USAGE = YES_ERROR;
				CLANG_WARN_DOCUMENTATION_COMMENTS = YES;
				CLANG_WARN_EMPTY_BODY = YES;
				CLANG_WARN_ENUM_CONVERSION = YES;
				CLANG_WARN_INFINITE_RECURSION = YES;
				CLANG_WARN_INT_CONVERSION = YES;
				CLANG_WARN_NON_LITERAL_NULL_CONVERSION = YES;
				CLANG_WARN_OBJC_IMPLICIT_RETAIN_SELF = YES;
				CLANG_WARN_OBJC_LITERAL_CONVERSION = YES;
				CLANG_WARN_OBJC_ROOT_CLASS = YES_ERROR;
				CLANG_WARN_QUOTED_INCLUDE_IN_FRAMEWORK_HEADER = YES;
				CLANG_WARN_RANGE_LOOP_ANALYSIS = YES;
				CLANG_WARN_STRICT_PROTOTYPES = YES;
				CLANG_WARN_SUSPICIOUS_MOVE = YES;
				CLANG_WARN_UNGUARDED_AVAILABILITY = YES_AGGRESSIVE;
				CLANG_WARN_UNREACHABLE_CODE = YES;
				CLANG_WARN__DUPLICATE_METHOD_MATCH = YES;
				COPY_PHASE_STRIP = NO;
				DEBUG_INFORMATION_FORMAT = "dwarf-with-dsym";
				ENABLE_NS_ASSERTIONS = NO;
				ENABLE_STRICT_OBJC_MSGSEND = YES;
				GCC_C_LANGUAGE_STANDARD = gnu11;
				GCC_NO_COMMON_BLOCKS = YES;
				GCC_WARN_64_TO_32_BIT_CONVERSION = YES;
				GCC_WARN_ABOUT_RETURN_TYPE = YES_ERROR;
				GCC_WARN_UNDECLARED_SELECTOR = YES;
				GCC_WARN_UNINITIALIZED_AUTOS = YES_AGGRESSIVE;
				GCC_WARN_UNUSED_FUNCTION = YES;
				GCC_WARN_UNUSED_VARIABLE = YES;
				IPHONEOS_DEPLOYMENT_TARGET = 14.5;
				MTL_ENABLE_DEBUG_INFO = NO;
				MTL_FAST_MATH = YES;
				SDKROOT = iphoneos;
				SWIFT_COMPILATION_MODE = wholemodule;
				SWIFT_OPTIMIZATION_LEVEL = "-O";
				VALIDATE_PRODUCT = YES;
			};
			name = Release;
		};
		3B43C49626F3B338003496EC /* Debug */ = {
			isa = XCBuildConfiguration;
			buildSettings = {
				ASSETCATALOG_COMPILER_APPICON_NAME = AppIcon;
				ASSETCATALOG_COMPILER_GLOBAL_ACCENT_COLOR_NAME = AccentColor;
				CODE_SIGN_STYLE = Automatic;
				DEVELOPMENT_ASSET_PATHS = "\"SwiftCryptoApp/Preview Content\"";
				DEVELOPMENT_TEAM = FNHC5UHDLA;
				ENABLE_PREVIEWS = YES;
				INFOPLIST_FILE = SwiftCryptoApp/Info.plist;
				IPHONEOS_DEPLOYMENT_TARGET = 14.0;
				LD_RUNPATH_SEARCH_PATHS = (
					"$(inherited)",
					"@executable_path/Frameworks",
				);
				PRODUCT_BUNDLE_IDENTIFIER = com.vong.SwiftCryptoApp;
				PRODUCT_NAME = "$(TARGET_NAME)";
				SWIFT_VERSION = 5.0;
				TARGETED_DEVICE_FAMILY = "1,2";
			};
			name = Debug;
		};
		3B43C49726F3B338003496EC /* Release */ = {
			isa = XCBuildConfiguration;
			buildSettings = {
				ASSETCATALOG_COMPILER_APPICON_NAME = AppIcon;
				ASSETCATALOG_COMPILER_GLOBAL_ACCENT_COLOR_NAME = AccentColor;
				CODE_SIGN_STYLE = Automatic;
				DEVELOPMENT_ASSET_PATHS = "\"SwiftCryptoApp/Preview Content\"";
				DEVELOPMENT_TEAM = FNHC5UHDLA;
				ENABLE_PREVIEWS = YES;
				INFOPLIST_FILE = SwiftCryptoApp/Info.plist;
				IPHONEOS_DEPLOYMENT_TARGET = 14.0;
				LD_RUNPATH_SEARCH_PATHS = (
					"$(inherited)",
					"@executable_path/Frameworks",
				);
				PRODUCT_BUNDLE_IDENTIFIER = com.vong.SwiftCryptoApp;
				PRODUCT_NAME = "$(TARGET_NAME)";
				SWIFT_VERSION = 5.0;
				TARGETED_DEVICE_FAMILY = "1,2";
			};
			name = Release;
		};
/* End XCBuildConfiguration section */

/* Begin XCConfigurationList section */
		3B43C48126F3B338003496EC /* Build configuration list for PBXProject "SwiftCryptoApp" */ = {
			isa = XCConfigurationList;
			buildConfigurations = (
				3B43C49326F3B338003496EC /* Debug */,
				3B43C49426F3B338003496EC /* Release */,
			);
			defaultConfigurationIsVisible = 0;
			defaultConfigurationName = Release;
		};
		3B43C49526F3B338003496EC /* Build configuration list for PBXNativeTarget "SwiftCryptoApp" */ = {
			isa = XCConfigurationList;
			buildConfigurations = (
				3B43C49626F3B338003496EC /* Debug */,
				3B43C49726F3B338003496EC /* Release */,
			);
			defaultConfigurationIsVisible = 0;
			defaultConfigurationName = Release;
		};
/* End XCConfigurationList section */
	};
	rootObject = 3B43C47E26F3B338003496EC /* Project object */;
}
